
Microsoft Visual Studio Solution File, Format Version 12.00
# Visual Studio Version 17
VisualStudioVersion = 17.9.34723.18
MinimumVisualStudioVersion = 10.0.40219.1
Project("{FAE04EC0-301F-11D3-BF4B-00C04F79EFBC}") = "MacroForSols", "MacroForSols.csproj", "{58A6EEA6-30E2-4420-86C2-42EA2B649CDC}"
EndProject
Global
	GlobalSection(SolutionConfigurationPlatforms) = preSolution
		Debug|Any CPU = Debug|Any CPU
		Release|Any CPU = Release|Any CPU
	EndGlobalSection
	GlobalSection(ProjectConfigurationPlatforms) = postSolution
		{58A6EEA6-30E2-4420-86C2-42EA2B649CDC}.Debug|Any CPU.ActiveCfg = Debug|Any CPU
		{58A6EEA6-30E2-4420-86C2-42EA2B649CDC}.Debug|Any CPU.Build.0 = Debug|Any CPU
		{58A6EEA6-30E2-4420-86C2-42EA2B649CDC}.Release|Any CPU.ActiveCfg = Release|Any CPU
		{58A6EEA6-30E2-4420-86C2-42EA2B649CDC}.Release|Any CPU.Build.0 = Release|Any CPU
	EndGlobalSection
	GlobalSection(SolutionProperties) = preSolution
		HideSolutionNode = FALSE
	EndGlobalSection
	GlobalSection(ExtensibilityGlobals) = postSolution
		SolutionGuid = {F990443F-0FE6-4190-943A-FFC4F5845C3B}
	EndGlobalSection
EndGlobal
